// !$*UTF8*$!
{
	archiveVersion = 1;
	classes = {
	};
	objectVersion = 50;
	objects = {

/* Begin PBXBuildFile section */
		694B8984218849D300739632 /* AppDelegate.swift in Sources */ = {isa = PBXBuildFile; fileRef = 694B8983218849D300739632 /* AppDelegate.swift */; };
		694B8986218849D300739632 /* ViewController.swift in Sources */ = {isa = PBXBuildFile; fileRef = 694B8985218849D300739632 /* ViewController.swift */; };
		694B898B218849D400739632 /* Assets.xcassets in Resources */ = {isa = PBXBuildFile; fileRef = 694B898A218849D400739632 /* Assets.xcassets */; };
		694B898E218849D400739632 /* LaunchScreen.storyboard in Resources */ = {isa = PBXBuildFile; fileRef = 694B898C218849D400739632 /* LaunchScreen.storyboard */; };
		7D2F766A5807F3EC4A1BC1C7 /* Pods_Charts_BarChart.framework in Frameworks */ = {isa = PBXBuildFile; fileRef = 0A1FD2FEAD6D82DA1DD02372 /* Pods_Charts_BarChart.framework */; };
/* End PBXBuildFile section */

/* Begin PBXFileReference section */
		0A1FD2FEAD6D82DA1DD02372 /* Pods_Charts_BarChart.framework */ = {isa = PBXFileReference; explicitFileType = wrapper.framework; includeInIndex = 0; path = Pods_Charts_BarChart.framework; sourceTree = BUILT_PRODUCTS_DIR; };
		2ACBCB1F3A75196AFBC7F8A5 /* Pods-Charts_BarChart.release.xcconfig */ = {isa = PBXFileReference; includeInIndex = 1; lastKnownFileType = text.xcconfig; name = "Pods-Charts_BarChart.release.xcconfig"; path = "Pods/Target Support Files/Pods-Charts_BarChart/Pods-Charts_BarChart.release.xcconfig"; sourceTree = "<group>"; };
		694B8980218849D300739632 /* Charts_BarChart.app */ = {isa = PBXFileReference; explicitFileType = wrapper.application; includeInIndex = 0; path = Charts_BarChart.app; sourceTree = BUILT_PRODUCTS_DIR; };
		694B8983218849D300739632 /* AppDelegate.swift */ = {isa = PBXFileReference; lastKnownFileType = sourcecode.swift; path = AppDelegate.swift; sourceTree = "<group>"; };
		694B8985218849D300739632 /* ViewController.swift */ = {isa = PBXFileReference; lastKnownFileType = sourcecode.swift; path = ViewController.swift; sourceTree = "<group>"; };
		694B898A218849D400739632 /* Assets.xcassets */ = {isa = PBXFileReference; lastKnownFileType = folder.assetcatalog; path = Assets.xcassets; sourceTree = "<group>"; };
		694B898D218849D400739632 /* Base */ = {isa = PBXFileReference; lastKnownFileType = file.storyboard; name = Base; path = Base.lproj/LaunchScreen.storyboard; sourceTree = "<group>"; };
		694B898F218849D400739632 /* Info.plist */ = {isa = PBXFileReference; lastKnownFileType = text.plist.xml; path = Info.plist; sourceTree = "<group>"; };
		D0345C90AFF56B09E55881C4 /* Pods-Charts_BarChart.debug.xcconfig */ = {isa = PBXFileReference; includeInIndex = 1; lastKnownFileType = text.xcconfig; name = "Pods-Charts_BarChart.debug.xcconfig"; path = "Pods/Target Support Files/Pods-Charts_BarChart/Pods-Charts_BarChart.debug.xcconfig"; sourceTree = "<group>"; };
/* End PBXFileReference section */

/* Begin PBXFrameworksBuildPhase section */
		694B897D218849D300739632 /* Frameworks */ = {
			isa = PBXFrameworksBuildPhase;
			buildActionMask = 2147483647;
			files = (
				7D2F766A5807F3EC4A1BC1C7 /* Pods_Charts_BarChart.framework in Frameworks */,
			);
			runOnlyForDeploymentPostprocessing = 0;
		};
/* End PBXFrameworksBuildPhase section */

/* Begin PBXGroup section */
		694B8977218849D300739632 = {
			isa = PBXGroup;
			children = (
				694B8982218849D300739632 /* Charts_BarChart */,
				694B8981218849D300739632 /* Products */,
				F2CDFAE0AD03B46FD806A4AB /* Pods */,
				F8C3BFE994D1C1071A5F8883 /* Frameworks */,
			);
			sourceTree = "<group>";
		};
		694B8981218849D300739632 /* Products */ = {
			isa = PBXGroup;
			children = (
				694B8980218849D300739632 /* Charts_BarChart.app */,
			);
			name = Products;
			sourceTree = "<group>";
		};
		694B8982218849D300739632 /* Charts_BarChart */ = {
			isa = PBXGroup;
			children = (
				694B8983218849D300739632 /* AppDelegate.swift */,
				694B8985218849D300739632 /* ViewController.swift */,
				694B898A218849D400739632 /* Assets.xcassets */,
				694B898C218849D400739632 /* LaunchScreen.storyboard */,
				694B898F218849D400739632 /* Info.plist */,
			);
			path = Charts_BarChart;
			sourceTree = "<group>";
		};
		F2CDFAE0AD03B46FD806A4AB /* Pods */ = {
			isa = PBXGroup;
			children = (
				D0345C90AFF56B09E55881C4 /* Pods-Charts_BarChart.debug.xcconfig */,
				2ACBCB1F3A75196AFBC7F8A5 /* Pods-Charts_BarChart.release.xcconfig */,
			);
			name = Pods;
			sourceTree = "<group>";
		};
		F8C3BFE994D1C1071A5F8883 /* Frameworks */ = {
			isa = PBXGroup;
			children = (
				0A1FD2FEAD6D82DA1DD02372 /* Pods_Charts_BarChart.framework */,
			);
			name = Frameworks;
			sourceTree = "<group>";
		};
/* End PBXGroup section */

/* Begin PBXNativeTarget section */
		694B897F218849D300739632 /* Charts_BarChart */ = {
			isa = PBXNativeTarget;
			buildConfigurationList = 694B8992218849D400739632 /* Build configuration list for PBXNativeTarget "Charts_BarChart" */;
			buildPhases = (
				E45262D7A911D26F8DADE67E /* [CP] Check Pods Manifest.lock */,
				694B897C218849D300739632 /* Sources */,
				694B897D218849D300739632 /* Frameworks */,
				694B897E218849D300739632 /* Resources */,
				75C2F62E3A8FFF41F00BD0C0 /* [CP] Embed Pods Frameworks */,
			);
			buildRules = (
			);
			dependencies = (
			);
			name = Charts_BarChart;
			productName = Charts_BarChart;
			productReference = 694B8980218849D300739632 /* Charts_BarChart.app */;
			productType = "com.apple.product-type.application";
		};
/* End PBXNativeTarget section */

/* Begin PBXProject section */
		694B8978218849D300739632 /* Project object */ = {
			isa = PBXProject;
			attributes = {
				LastSwiftUpdateCheck = 1000;
				LastUpgradeCheck = 1000;
				ORGANIZATIONNAME = masato;
				TargetAttributes = {
					694B897F218849D300739632 = {
						CreatedOnToolsVersion = 10.0;
					};
				};
			};
			buildConfigurationList = 694B897B218849D300739632 /* Build configuration list for PBXProject "Charts_BarChart" */;
			compatibilityVersion = "Xcode 9.3";
			developmentRegion = en;
			hasScannedForEncodings = 0;
			knownRegions = (
				en,
				Base,
			);
			mainGroup = 694B8977218849D300739632;
			productRefGroup = 694B8981218849D300739632 /* Products */;
			projectDirPath = "";
			projectRoot = "";
			targets = (
				694B897F218849D300739632 /* Charts_BarChart */,
			);
		};
/* End PBXProject section */

/* Begin PBXResourcesBuildPhase section */
		694B897E218849D300739632 /* Resources */ = {
			isa = PBXResourcesBuildPhase;
			buildActionMask = 2147483647;
			files = (
				694B898E218849D400739632 /* LaunchScreen.storyboard in Resources */,
				694B898B218849D400739632 /* Assets.xcassets in Resources */,
			);
			runOnlyForDeploymentPostprocessing = 0;
		};
/* End PBXResourcesBuildPhase section */

/* Begin PBXShellScriptBuildPhase section */
		75C2F62E3A8FFF41F00BD0C0 /* [CP] Embed Pods Frameworks */ = {
			isa = PBXShellScriptBuildPhase;
			buildActionMask = 2147483647;
			files = (
			);
			inputPaths = (
				"${SRCROOT}/Pods/Target Support Files/Pods-Charts_BarChart/Pods-Charts_BarChart-frameworks.sh",
				"${BUILT_PRODUCTS_DIR}/Charts/Charts.framework",
			);
			name = "[CP] Embed Pods Frameworks";
			outputPaths = (
				"${TARGET_BUILD_DIR}/${FRAMEWORKS_FOLDER_PATH}/Charts.framework",
			);
			runOnlyForDeploymentPostprocessing = 0;
			shellPath = /bin/sh;
			shellScript = "\"${SRCROOT}/Pods/Target Support Files/Pods-Charts_BarChart/Pods-Charts_BarChart-frameworks.sh\"\n";
			showEnvVarsInLog = 0;
		};
		E45262D7A911D26F8DADE67E /* [CP] Check Pods Manifest.lock */ = {
			isa = PBXShellScriptBuildPhase;
			buildActionMask = 2147483647;
			files = (
			);
			inputPaths = (
				"${PODS_PODFILE_DIR_PATH}/Podfile.lock",
				"${PODS_ROOT}/Manifest.lock",
			);
			name = "[CP] Check Pods Manifest.lock";
			outputPaths = (
				"$(DERIVED_FILE_DIR)/Pods-Charts_BarChart-checkManifestLockResult.txt",
			);
			runOnlyForDeploymentPostprocessing = 0;
			shellPath = /bin/sh;
			shellScript = "diff \"${PODS_PODFILE_DIR_PATH}/Podfile.lock\" \"${PODS_ROOT}/Manifest.lock\" > /dev/null\nif [ $? != 0 ] ; then\n    # print error to STDERR\n    echo \"error: The sandbox is not in sync with the Podfile.lock. Run 'pod install' or update your CocoaPods installation.\" >&2\n    exit 1\nfi\n# This output is used by Xcode 'outputs' to avoid re-running this script phase.\necho \"SUCCESS\" > \"${SCRIPT_OUTPUT_FILE_0}\"\n";
			showEnvVarsInLog = 0;
		};
/* End PBXShellScriptBuildPhase section */

/* Begin PBXSourcesBuildPhase section */
		694B897C218849D300739632 /* Sources */ = {
			isa = PBXSourcesBuildPhase;
			buildActionMask = 2147483647;
			files = (
				694B8986218849D300739632 /* ViewController.swift in Sources */,
				694B8984218849D300739632 /* AppDelegate.swift in Sources */,
			);
			runOnlyForDeploymentPostprocessing = 0;
		};
/* End PBXSourcesBuildPhase section */

/* Begin PBXVariantGroup section */
		694B898C218849D400739632 /* LaunchScreen.storyboard */ = {
			isa = PBXVariantGroup;
			children = (
				694B898D218849D400739632 /* Base */,
			);
			name = LaunchScreen.storyboard;
			sourceTree = "<group>";
		};
/* End PBXVariantGroup section */

/* Begin XCBuildConfiguration section */
		694B8990218849D400739632 /* Debug */ = {
			isa = XCBuildConfiguration;
			buildSettings = {
				ALWAYS_SEARCH_USER_PATHS = NO;
				CLANG_ANALYZER_NONNULL = YES;
				CLANG_ANALYZER_NUMBER_OBJECT_CONVERSION = YES_AGGRESSIVE;
				CLANG_CXX_LANGUAGE_STANDARD = "gnu++14";
				CLANG_CXX_LIBRARY = "libc++";
				CLANG_ENABLE_MODULES = YES;
				CLANG_ENABLE_OBJC_ARC = YES;
				CLANG_ENABLE_OBJC_WEAK = YES;
				CLANG_WARN_BLOCK_CAPTURE_AUTORELEASING = YES;
				CLANG_WARN_BOOL_CONVERSION = YES;
				CLANG_WARN_COMMA = YES;
				CLANG_WARN_CONSTANT_CONVERSION = YES;
				CLANG_WARN_DEPRECATED_OBJC_IMPLEMENTATIONS = YES;
				CLANG_WARN_DIRECT_OBJC_ISA_USAGE = YES_ERROR;
				CLANG_WARN_DOCUMENTATION_COMMENTS = YES;
				CLANG_WARN_EMPTY_BODY = YES;
				CLANG_WARN_ENUM_CONVERSION = YES;
				CLANG_WARN_INFINITE_RECURSION = YES;
				CLANG_WARN_INT_CONVERSION = YES;
				CLANG_WARN_NON_LITERAL_NULL_CONVERSION = YES;
				CLANG_WARN_OBJC_IMPLICIT_RETAIN_SELF = YES;
				CLANG_WARN_OBJC_LITERAL_CONVERSION = YES;
				CLANG_WARN_OBJC_ROOT_CLASS = YES_ERROR;
				CLANG_WARN_RANGE_LOOP_ANALYSIS = YES;
				CLANG_WARN_STRICT_PROTOTYPES = YES;
				CLANG_WARN_SUSPICIOUS_MOVE = YES;
				CLANG_WARN_UNGUARDED_AVAILABILITY = YES_AGGRESSIVE;
				CLANG_WARN_UNREACHABLE_CODE = YES;
				CLANG_WARN__DUPLICATE_METHOD_MATCH = YES;
				CODE_SIGN_IDENTITY = "iPhone Developer";
				COPY_PHASE_STRIP = NO;
				DEBUG_INFORMATION_FORMAT = dwarf;
				ENABLE_STRICT_OBJC_MSGSEND = YES;
				ENABLE_TESTABILITY = YES;
				GCC_C_LANGUAGE_STANDARD = gnu11;
				GCC_DYNAMIC_NO_PIC = NO;
				GCC_NO_COMMON_BLOCKS = YES;
				GCC_OPTIMIZATION_LEVEL = 0;
				GCC_PREPROCESSOR_DEFINITIONS = (
					"DEBUG=1",
					"$(inherited)",
				);
				GCC_WARN_64_TO_32_BIT_CONVERSION = YES;
				GCC_WARN_ABOUT_RETURN_TYPE = YES_ERROR;
				GCC_WARN_UNDECLARED_SELECTOR = YES;
				GCC_WARN_UNINITIALIZED_AUTOS = YES_AGGRESSIVE;
				GCC_WARN_UNUSED_FUNCTION = YES;
				GCC_WARN_UNUSED_VARIABLE = YES;
				IPHONEOS_DEPLOYMENT_TARGET = 12.0;
				MTL_ENABLE_DEBUG_INFO = INCLUDE_SOURCE;
				MTL_FAST_MATH = YES;
				ONLY_ACTIVE_ARCH = YES;
				SDKROOT = iphoneos;
				SWIFT_ACTIVE_COMPILATION_CONDITIONS = DEBUG;
				SWIFT_OPTIMIZATION_LEVEL = "-Onone";
			};
			name = Debug;
		};
		694B8991218849D400739632 /* Release */ = {
			isa = XCBuildConfiguration;
			buildSettings = {
				ALWAYS_SEARCH_USER_PATHS = NO;
				CLANG_ANALYZER_NONNULL = YES;
				CLANG_ANALYZER_NUMBER_OBJECT_CONVERSION = YES_AGGRESSIVE;
				CLANG_CXX_LANGUAGE_STANDARD = "gnu++14";
				CLANG_CXX_LIBRARY = "libc++";
				CLANG_ENABLE_MODULES = YES;
				CLANG_ENABLE_OBJC_ARC = YES;
				CLANG_ENABLE_OBJC_WEAK = YES;
				CLANG_WARN_BLOCK_CAPTURE_AUTORELEASING = YES;
				CLANG_WARN_BOOL_CONVERSION = YES;
				CLANG_WARN_COMMA = YES;
				CLANG_WARN_CONSTANT_CONVERSION = YES;
				CLANG_WARN_DEPRECATED_OBJC_IMPLEMENTATIONS = YES;
				CLANG_WARN_DIRECT_OBJC_ISA_USAGE = YES_ERROR;
				CLANG_WARN_DOCUMENTATION_COMMENTS = YES;
				CLANG_WARN_EMPTY_BODY = YES;
				CLANG_WARN_ENUM_CONVERSION = YES;
				CLANG_WARN_INFINITE_RECURSION = YES;
				CLANG_WARN_INT_CONVERSION = YES;
				CLANG_WARN_NON_LITERAL_NULL_CONVERSION = YES;
				CLANG_WARN_OBJC_IMPLICIT_RETAIN_SELF = YES;
				CLANG_WARN_OBJC_LITERAL_CONVERSION = YES;
				CLANG_WARN_OBJC_ROOT_CLASS = YES_ERROR;
				CLANG_WARN_RANGE_LOOP_ANALYSIS = YES;
				CLANG_WARN_STRICT_PROTOTYPES = YES;
				CLANG_WARN_SUSPICIOUS_MOVE = YES;
				CLANG_WARN_UNGUARDED_AVAILABILITY = YES_AGGRESSIVE;
				CLANG_WARN_UNREACHABLE_CODE = YES;
				CLANG_WARN__DUPLICATE_METHOD_MATCH = YES;
				CODE_SIGN_IDENTITY = "iPhone Developer";
				COPY_PHASE_STRIP = NO;
				DEBUG_INFORMATION_FORMAT = "dwarf-with-dsym";
				ENABLE_NS_ASSERTIONS = NO;
				ENABLE_STRICT_OBJC_MSGSEND = YES;
				GCC_C_LANGUAGE_STANDARD = gnu11;
				GCC_NO_COMMON_BLOCKS = YES;
				GCC_WARN_64_TO_32_BIT_CONVERSION = YES;
				GCC_WARN_ABOUT_RETURN_TYPE = YES_ERROR;
				GCC_WARN_UNDECLARED_SELECTOR = YES;
				GCC_WARN_UNINITIALIZED_AUTOS = YES_AGGRESSIVE;
				GCC_WARN_UNUSED_FUNCTION = YES;
				GCC_WARN_UNUSED_VARIABLE = YES;
				IPHONEOS_DEPLOYMENT_TARGET = 12.0;
				MTL_ENABLE_DEBUG_INFO = NO;
				MTL_FAST_MATH = YES;
				SDKROOT = iphoneos;
				SWIFT_COMPILATION_MODE = wholemodule;
				SWIFT_OPTIMIZATION_LEVEL = "-O";
				VALIDATE_PRODUCT = YES;
			};
			name = Release;
		};
		694B8993218849D400739632 /* Debug */ = {
			isa = XCBuildConfiguration;
			baseConfigurationReference = D0345C90AFF56B09E55881C4 /* Pods-Charts_BarChart.debug.xcconfig */;
			buildSettings = {
				ASSETCATALOG_COMPILER_APPICON_NAME = AppIcon;
				CODE_SIGN_STYLE = Automatic;
				INFOPLIST_FILE = Charts_BarChart/Info.plist;
				LD_RUNPATH_SEARCH_PATHS = (
					"$(inherited)",
					"@executable_path/Frameworks",
				);
				PRODUCT_BUNDLE_IDENTIFIER = "-gigmustor-medium.com-.Charts-BarChart";
				PRODUCT_NAME = "$(TARGET_NAME)";
				SWIFT_VERSION = 4.2;
				TARGETED_DEVICE_FAMILY = "1,2";
			};
			name = Debug;
		};
		694B8994218849D400739632 /* Release */ = {
			isa = XCBuildConfiguration;
			baseConfigurationReference = 2ACBCB1F3A75196AFBC7F8A5 /* Pods-Charts_BarChart.release.xcconfig */;
			buildSettings = {
				ASSETCATALOG_COMPILER_APPICON_NAME = AppIcon;
				CODE_SIGN_STYLE = Automatic;
				INFOPLIST_FILE = Charts_BarChart/Info.plist;
				LD_RUNPATH_SEARCH_PATHS = (
					"$(inherited)",
					"@executable_path/Frameworks",
				);
				PRODUCT_BUNDLE_IDENTIFIER = "-gigmustor-medium.com-.Charts-BarChart";
				PRODUCT_NAME = "$(TARGET_NAME)";
				SWIFT_VERSION = 4.2;
				TARGETED_DEVICE_FAMILY = "1,2";
			};
			name = Release;
		};
/* End XCBuildConfiguration section */

/* Begin XCConfigurationList section */
		694B897B218849D300739632 /* Build configuration list for PBXProject "Charts_BarChart" */ = {
			isa = XCConfigurationList;
			buildConfigurations = (
				694B8990218849D400739632 /* Debug */,
				694B8991218849D400739632 /* Release */,
			);
			defaultConfigurationIsVisible = 0;
			defaultConfigurationName = Release;
		};
		694B8992218849D400739632 /* Build configuration list for PBXNativeTarget "Charts_BarChart" */ = {
			isa = XCConfigurationList;
			buildConfigurations = (
				694B8993218849D400739632 /* Debug */,
				694B8994218849D400739632 /* Release */,
			);
			defaultConfigurationIsVisible = 0;
			defaultConfigurationName = Release;
		};
/* End XCConfigurationList section */
	};
	rootObject = 694B8978218849D300739632 /* Project object */;
}
